
Microsoft Visual Studio Solution File, Format Version 12.00
# Visual Studio Version 16
VisualStudioVersion = 16.0.30114.105
MinimumVisualStudioVersion = 10.0.40219.1
Project("{FAE04EC0-301F-11D3-BF4B-00C04F79EFBC}") = "Abstraction1", "Abstraction\Abstraction1.csproj", "{F7F80CCA-26B9-4D04-8105-A726B822CC2D}"
EndProject
Project("{FAE04EC0-301F-11D3-BF4B-00C04F79EFBC}") = "Encapsulation1", "Encapsulation\Encapsulation1.csproj", "{9B80124D-FA38-4A5C-A61C-B36A8DFD40EB}"
EndProject
Project("{FAE04EC0-301F-11D3-BF4B-00C04F79EFBC}") = "Inheritance", "Inheritance\Inheritance.csproj", "{53F218B9-8DBE-47AB-A66D-A6665B6988F9}"
EndProject
Global
	GlobalSection(SolutionConfigurationPlatforms) = preSolution
		Debug|Any CPU = Debug|Any CPU
		Release|Any CPU = Release|Any CPU
	EndGlobalSection
	GlobalSection(ProjectConfigurationPlatforms) = postSolution
		{F7F80CCA-26B9-4D04-8105-A726B822CC2D}.Debug|Any CPU.ActiveCfg = Debug|Any CPU
		{F7F80CCA-26B9-4D04-8105-A726B822CC2D}.Debug|Any CPU.Build.0 = Debug|Any CPU
		{F7F80CCA-26B9-4D04-8105-A726B822CC2D}.Release|Any CPU.ActiveCfg = Release|Any CPU
		{F7F80CCA-26B9-4D04-8105-A726B822CC2D}.Release|Any CPU.Build.0 = Release|Any CPU
		{9B80124D-FA38-4A5C-A61C-B36A8DFD40EB}.Debug|Any CPU.ActiveCfg = Debug|Any CPU
		{9B80124D-FA38-4A5C-A61C-B36A8DFD40EB}.Debug|Any CPU.Build.0 = Debug|Any CPU
		{9B80124D-FA38-4A5C-A61C-B36A8DFD40EB}.Release|Any CPU.ActiveCfg = Release|Any CPU
		{9B80124D-FA38-4A5C-A61C-B36A8DFD40EB}.Release|Any CPU.Build.0 = Release|Any CPU
		{53F218B9-8DBE-47AB-A66D-A6665B6988F9}.Debug|Any CPU.ActiveCfg = Debug|Any CPU
		{53F218B9-8DBE-47AB-A66D-A6665B6988F9}.Debug|Any CPU.Build.0 = Debug|Any CPU
		{53F218B9-8DBE-47AB-A66D-A6665B6988F9}.Release|Any CPU.ActiveCfg = Release|Any CPU
		{53F218B9-8DBE-47AB-A66D-A6665B6988F9}.Release|Any CPU.Build.0 = Release|Any CPU
	EndGlobalSection
	GlobalSection(SolutionProperties) = preSolution
		HideSolutionNode = FALSE
	EndGlobalSection
	GlobalSection(ExtensibilityGlobals) = postSolution
		SolutionGuid = {1415D9AD-8D60-4629-B98D-BCB4E70841AB}
	EndGlobalSection
EndGlobal
